
Microsoft Visual Studio Solution File, Format Version 12.00
# Visual Studio Version 16
VisualStudioVersion = 16.0.31129.286
MinimumVisualStudioVersion = 10.0.40219.1
Project("{FAE04EC0-301F-11D3-BF4B-00C04F79EFBC}") = "MySide", "MySide\MySide.csproj", "{30ACCEC8-3844-44F4-91FB-D06FEF64EB8D}"
EndProject
Global
	GlobalSection(SolutionConfigurationPlatforms) = preSolution
		Debug|Any CPU = Debug|Any CPU
		Release|Any CPU = Release|Any CPU
	EndGlobalSection
	GlobalSection(ProjectConfigurationPlatforms) = postSolution
		{30ACCEC8-3844-44F4-91FB-D06FEF64EB8D}.Debug|Any CPU.ActiveCfg = Debug|Any CPU
		{30ACCEC8-3844-44F4-91FB-D06FEF64EB8D}.Debug|Any CPU.Build.0 = Debug|Any CPU
		{30ACCEC8-3844-44F4-91FB-D06FEF64EB8D}.Release|Any CPU.ActiveCfg = Release|Any CPU
		{30ACCEC8-3844-44F4-91FB-D06FEF64EB8D}.Release|Any CPU.Build.0 = Release|Any CPU
	EndGlobalSection
	GlobalSection(SolutionProperties) = preSolution
		HideSolutionNode = FALSE
	EndGlobalSection
	GlobalSection(ExtensibilityGlobals) = postSolution
		SolutionGuid = {1623A807-B9CD-4F1E-9B49-4B7ED41AC9B2}
	EndGlobalSection
EndGlobal
